
Microsoft Visual Studio Solution File, Format Version 12.00
# Visual Studio 15
VisualStudioVersion = 15.0.28010.2026
MinimumVisualStudioVersion = 10.0.40219.1
Project("{FAE04EC0-301F-11D3-BF4B-00C04F79EFBC}") = "Lab-W1", "Lab-W1\Lab-W1.csproj", "{88581C59-9950-485E-9D4E-F3B5C5613F4F}"
EndProject
Global
	GlobalSection(SolutionConfigurationPlatforms) = preSolution
		Debug|Any CPU = Debug|Any CPU
		Release|Any CPU = Release|Any CPU
	EndGlobalSection
	GlobalSection(ProjectConfigurationPlatforms) = postSolution
		{88581C59-9950-485E-9D4E-F3B5C5613F4F}.Debug|Any CPU.ActiveCfg = Debug|Any CPU
		{88581C59-9950-485E-9D4E-F3B5C5613F4F}.Debug|Any CPU.Build.0 = Debug|Any CPU
		{88581C59-9950-485E-9D4E-F3B5C5613F4F}.Release|Any CPU.ActiveCfg = Release|Any CPU
		{88581C59-9950-485E-9D4E-F3B5C5613F4F}.Release|Any CPU.Build.0 = Release|Any CPU
	EndGlobalSection
	GlobalSection(SolutionProperties) = preSolution
		HideSolutionNode = FALSE
	EndGlobalSection
	GlobalSection(ExtensibilityGlobals) = postSolution
		SolutionGuid = {58DC9A78-3D96-4395-B952-78221697EC19}
	EndGlobalSection
EndGlobal
